
Microsoft Visual Studio Solution File, Format Version 12.00
# Visual Studio Version 16
VisualStudioVersion = 16.0.31624.102
MinimumVisualStudioVersion = 10.0.40219.1
Project("{FAE04EC0-301F-11D3-BF4B-00C04F79EFBC}") = "JAP_Task_1_API", "JAP_Task_1_API\JAP_Task_1_API.csproj", "{D386418A-17E8-4D88-993D-32E54EEDBCAC}"
EndProject
Project("{2150E333-8FDC-42A3-9474-1A3956D46DE8}") = "Common", "Common", "{F240A2EA-38AC-4D18-B588-F6AAA17AFD94}"
EndProject
Project("{2150E333-8FDC-42A3-9474-1A3956D46DE8}") = "Core", "Core", "{ABC5D49E-7723-4809-AFE6-D02BE02D1991}"
EndProject
Project("{2150E333-8FDC-42A3-9474-1A3956D46DE8}") = "Mapper", "Mapper", "{8808353A-ECDB-4AD1-9BA3-C6E832741DEA}"
EndProject
Project("{2150E333-8FDC-42A3-9474-1A3956D46DE8}") = "Database", "Database", "{4DA201A3-E011-4A9B-A668-C316033BC875}"
EndProject
Project("{2150E333-8FDC-42A3-9474-1A3956D46DE8}") = "Integration", "Integration", "{4146DDF8-F268-4597-B77B-8E86029F7F99}"
EndProject
Project("{2150E333-8FDC-42A3-9474-1A3956D46DE8}") = "Repository", "Repository", "{7DB96D2F-BE40-4869-BB1C-9A2C0BA50B78}"
EndProject
Project("{2150E333-8FDC-42A3-9474-1A3956D46DE8}") = "WebAPI", "WebAPI", "{2E0C94AA-A774-4269-9150-990E0D0D2EF0}"
EndProject
Project("{FAE04EC0-301F-11D3-BF4B-00C04F79EFBC}") = "JAP.Common", "JAP.Common\JAP.Common.csproj", "{5783C835-1CA9-46EA-8EB1-2953407C4043}"
EndProject
Project("{FAE04EC0-301F-11D3-BF4B-00C04F79EFBC}") = "JAP.Core", "JAP.Core\JAP.Core.csproj", "{8295D915-63CB-4F6F-9D1A-F0DDF69CF935}"
EndProject
Project("{FAE04EC0-301F-11D3-BF4B-00C04F79EFBC}") = "JAP.Database", "JAP.Database\JAP.Database.csproj", "{85352449-582A-4F05-A5E3-4208A0331A05}"
EndProject
Project("{FAE04EC0-301F-11D3-BF4B-00C04F79EFBC}") = "JAP.Integration", "JAP.Integration\JAP.Integration.csproj", "{2474CF8D-886D-4F10-9BA0-D8B69E595C12}"
EndProject
Project("{FAE04EC0-301F-11D3-BF4B-00C04F79EFBC}") = "JAP.Mapper", "JAP.Mapper\JAP.Mapper.csproj", "{FB0DF511-13D3-47B2-98BC-EEF4BDF31A6C}"
EndProject
Project("{FAE04EC0-301F-11D3-BF4B-00C04F79EFBC}") = "JAP.Repository", "JAP.Repository\JAP.Repository.csproj", "{4539DD43-D5F5-4E92-8667-BE4391AEE1AB}"
EndProject
Global
	GlobalSection(SolutionConfigurationPlatforms) = preSolution
		Debug|Any CPU = Debug|Any CPU
		Release|Any CPU = Release|Any CPU
	EndGlobalSection
	GlobalSection(ProjectConfigurationPlatforms) = postSolution
		{D386418A-17E8-4D88-993D-32E54EEDBCAC}.Debug|Any CPU.ActiveCfg = Debug|Any CPU
		{D386418A-17E8-4D88-993D-32E54EEDBCAC}.Debug|Any CPU.Build.0 = Debug|Any CPU
		{D386418A-17E8-4D88-993D-32E54EEDBCAC}.Release|Any CPU.ActiveCfg = Release|Any CPU
		{D386418A-17E8-4D88-993D-32E54EEDBCAC}.Release|Any CPU.Build.0 = Release|Any CPU
		{5783C835-1CA9-46EA-8EB1-2953407C4043}.Debug|Any CPU.ActiveCfg = Debug|Any CPU
		{5783C835-1CA9-46EA-8EB1-2953407C4043}.Debug|Any CPU.Build.0 = Debug|Any CPU
		{5783C835-1CA9-46EA-8EB1-2953407C4043}.Release|Any CPU.ActiveCfg = Release|Any CPU
		{5783C835-1CA9-46EA-8EB1-2953407C4043}.Release|Any CPU.Build.0 = Release|Any CPU
		{8295D915-63CB-4F6F-9D1A-F0DDF69CF935}.Debug|Any CPU.ActiveCfg = Debug|Any CPU
		{8295D915-63CB-4F6F-9D1A-F0DDF69CF935}.Debug|Any CPU.Build.0 = Debug|Any CPU
		{8295D915-63CB-4F6F-9D1A-F0DDF69CF935}.Release|Any CPU.ActiveCfg = Release|Any CPU
		{8295D915-63CB-4F6F-9D1A-F0DDF69CF935}.Release|Any CPU.Build.0 = Release|Any CPU
		{85352449-582A-4F05-A5E3-4208A0331A05}.Debug|Any CPU.ActiveCfg = Debug|Any CPU
		{85352449-582A-4F05-A5E3-4208A0331A05}.Debug|Any CPU.Build.0 = Debug|Any CPU
		{85352449-582A-4F05-A5E3-4208A0331A05}.Release|Any CPU.ActiveCfg = Release|Any CPU
		{85352449-582A-4F05-A5E3-4208A0331A05}.Release|Any CPU.Build.0 = Release|Any CPU
		{2474CF8D-886D-4F10-9BA0-D8B69E595C12}.Debug|Any CPU.ActiveCfg = Debug|Any CPU
		{2474CF8D-886D-4F10-9BA0-D8B69E595C12}.Debug|Any CPU.Build.0 = Debug|Any CPU
		{2474CF8D-886D-4F10-9BA0-D8B69E595C12}.Release|Any CPU.ActiveCfg = Release|Any CPU
		{2474CF8D-886D-4F10-9BA0-D8B69E595C12}.Release|Any CPU.Build.0 = Release|Any CPU
		{FB0DF511-13D3-47B2-98BC-EEF4BDF31A6C}.Debug|Any CPU.ActiveCfg = Debug|Any CPU
		{FB0DF511-13D3-47B2-98BC-EEF4BDF31A6C}.Debug|Any CPU.Build.0 = Debug|Any CPU
		{FB0DF511-13D3-47B2-98BC-EEF4BDF31A6C}.Release|Any CPU.ActiveCfg = Release|Any CPU
		{FB0DF511-13D3-47B2-98BC-EEF4BDF31A6C}.Release|Any CPU.Build.0 = Release|Any CPU
		{4539DD43-D5F5-4E92-8667-BE4391AEE1AB}.Debug|Any CPU.ActiveCfg = Debug|Any CPU
		{4539DD43-D5F5-4E92-8667-BE4391AEE1AB}.Debug|Any CPU.Build.0 = Debug|Any CPU
		{4539DD43-D5F5-4E92-8667-BE4391AEE1AB}.Release|Any CPU.ActiveCfg = Release|Any CPU
		{4539DD43-D5F5-4E92-8667-BE4391AEE1AB}.Release|Any CPU.Build.0 = Release|Any CPU
	EndGlobalSection
	GlobalSection(SolutionProperties) = preSolution
		HideSolutionNode = FALSE
	EndGlobalSection
	GlobalSection(NestedProjects) = preSolution
		{D386418A-17E8-4D88-993D-32E54EEDBCAC} = {2E0C94AA-A774-4269-9150-990E0D0D2EF0}
		{5783C835-1CA9-46EA-8EB1-2953407C4043} = {F240A2EA-38AC-4D18-B588-F6AAA17AFD94}
		{8295D915-63CB-4F6F-9D1A-F0DDF69CF935} = {ABC5D49E-7723-4809-AFE6-D02BE02D1991}
		{85352449-582A-4F05-A5E3-4208A0331A05} = {4DA201A3-E011-4A9B-A668-C316033BC875}
		{2474CF8D-886D-4F10-9BA0-D8B69E595C12} = {4146DDF8-F268-4597-B77B-8E86029F7F99}
		{FB0DF511-13D3-47B2-98BC-EEF4BDF31A6C} = {8808353A-ECDB-4AD1-9BA3-C6E832741DEA}
		{4539DD43-D5F5-4E92-8667-BE4391AEE1AB} = {7DB96D2F-BE40-4869-BB1C-9A2C0BA50B78}
	EndGlobalSection
	GlobalSection(ExtensibilityGlobals) = postSolution
		SolutionGuid = {5E91E6C4-EC6C-4ACE-A1D9-CE3524F2B2C4}
	EndGlobalSection
EndGlobal
